// !$*UTF8*$!
{
	archiveVersion = 1;
	classes = {
	};
	objectVersion = 77;
	objects = {

/* Begin PBXBuildFile section */
		525FC9F52F51C65A007FA4CF /* Auth in Frameworks */ = {isa = PBXBuildFile; productRef = 525FC9F42F51C65A007FA4CF /* Auth */; };
		525FC9F72F51C65A007FA4CF /* Functions in Frameworks */ = {isa = PBXBuildFile; productRef = 525FC9F62F51C65A007FA4CF /* Functions */; };
		525FC9F92F51C65A007FA4CF /* PostgREST in Frameworks */ = {isa = PBXBuildFile; productRef = 525FC9F82F51C65A007FA4CF /* PostgREST */; };
		525FC9FB2F51C65A007FA4CF /* Realtime in Frameworks */ = {isa = PBXBuildFile; productRef = 525FC9FA2F51C65A007FA4CF /* Realtime */; };
		525FC9FD2F51C65A007FA4CF /* Storage in Frameworks */ = {isa = PBXBuildFile; productRef = 525FC9FC2F51C65A007FA4CF /* Storage */; };
		525FCA022F51CBFF007FA4CF /* Supabase in Frameworks */ = {isa = PBXBuildFile; productRef = 525FCA012F51CBFF007FA4CF /* Supabase */; };
		525FCA072F533AB9007FA4CF /* GoogleSignIn in Frameworks */ = {isa = PBXBuildFile; productRef = 525FCA062F533AB9007FA4CF /* GoogleSignIn */; };
		525FCA092F533AEA007FA4CF /* GoogleSignInSwift in Frameworks */ = {isa = PBXBuildFile; productRef = 525FCA082F533AEA007FA4CF /* GoogleSignInSwift */; };
		52838B0A2F3DEC27000DEEE7 /* Lottie in Frameworks */ = {isa = PBXBuildFile; productRef = 52838B092F3DEC27000DEEE7 /* Lottie */; };
/* End PBXBuildFile section */

/* Begin PBXFileReference section */
		5246E5D02F392F200072BFF0 /* isBlum.app */ = {isa = PBXFileReference; explicitFileType = wrapper.application; includeInIndex = 0; path = isBlum.app; sourceTree = BUILT_PRODUCTS_DIR; };
/* End PBXFileReference section */

/* Begin PBXFileSystemSynchronizedBuildFileExceptionSet section */
		52950C882F3A98E100BF8E81 /* Exceptions for "isBlum" folder in "isBlum" target */ = {
			isa = PBXFileSystemSynchronizedBuildFileExceptionSet;
			membershipExceptions = (
				Application/info.plist,
			);
			target = 5246E5CF2F392F200072BFF0 /* isBlum */;
		};
/* End PBXFileSystemSynchronizedBuildFileExceptionSet section */

/* Begin PBXFileSystemSynchronizedRootGroup section */
		5246E5D22F392F200072BFF0 /* isBlum */ = {
			isa = PBXFileSystemSynchronizedRootGroup;
			exceptions = (
				52950C882F3A98E100BF8E81 /* Exceptions for "isBlum" folder in "isBlum" target */,
			);
			path = isBlum;
			sourceTree = "<group>";
		};
/* End PBXFileSystemSynchronizedRootGroup section */

/* Begin PBXFrameworksBuildPhase section */
		5246E5CD2F392F200072BFF0 /* Frameworks */ = {
			isa = PBXFrameworksBuildPhase;
			buildActionMask = 2147483647;
			files = (
				525FCA092F533AEA007FA4CF /* GoogleSignInSwift in Frameworks */,
				525FCA022F51CBFF007FA4CF /* Supabase in Frameworks */,
				525FCA072F533AB9007FA4CF /* GoogleSignIn in Frameworks */,
				525FC9FD2F51C65A007FA4CF /* Storage in Frameworks */,
				525FC9F92F51C65A007FA4CF /* PostgREST in Frameworks */,
				525FC9F72F51C65A007FA4CF /* Functions in Frameworks */,
				525FC9F52F51C65A007FA4CF /* Auth in Frameworks */,
				525FC9FB2F51C65A007FA4CF /* Realtime in Frameworks */,
				52838B0A2F3DEC27000DEEE7 /* Lottie in Frameworks */,
			);
			runOnlyForDeploymentPostprocessing = 0;
		};
/* End PBXFrameworksBuildPhase section */

/* Begin PBXGroup section */
		5246E5C72F392F200072BFF0 = {
			isa = PBXGroup;
			children = (
				5246E5D22F392F200072BFF0 /* isBlum */,
				525FCA002F51CBFF007FA4CF /* Frameworks */,
				5246E5D12F392F200072BFF0 /* Products */,
			);
			sourceTree = "<group>";
		};
		5246E5D12F392F200072BFF0 /* Products */ = {
			isa = PBXGroup;
			children = (
				5246E5D02F392F200072BFF0 /* isBlum.app */,
			);
			name = Products;
			sourceTree = "<group>";
		};
		525FCA002F51CBFF007FA4CF /* Frameworks */ = {
			isa = PBXGroup;
			children = (
			);
			name = Frameworks;
			sourceTree = "<group>";
		};
/* End PBXGroup section */

/* Begin PBXNativeTarget section */
		5246E5CF2F392F200072BFF0 /* isBlum */ = {
			isa = PBXNativeTarget;
			buildConfigurationList = 5246E5E02F392F230072BFF0 /* Build configuration list for PBXNativeTarget "isBlum" */;
			buildPhases = (
				5246E5CC2F392F200072BFF0 /* Sources */,
				5246E5CD2F392F200072BFF0 /* Frameworks */,
				5246E5CE2F392F200072BFF0 /* Resources */,
			);
			buildRules = (
			);
			dependencies = (
			);
			fileSystemSynchronizedGroups = (
				5246E5D22F392F200072BFF0 /* isBlum */,
			);
			name = isBlum;
			packageProductDependencies = (
				52838B092F3DEC27000DEEE7 /* Lottie */,
				525FC9F42F51C65A007FA4CF /* Auth */,
				525FC9F62F51C65A007FA4CF /* Functions */,
				525FC9F82F51C65A007FA4CF /* PostgREST */,
				525FC9FA2F51C65A007FA4CF /* Realtime */,
				525FC9FC2F51C65A007FA4CF /* Storage */,
				525FCA012F51CBFF007FA4CF /* Supabase */,
				525FCA062F533AB9007FA4CF /* GoogleSignIn */,
				525FCA082F533AEA007FA4CF /* GoogleSignInSwift */,
			);
			productName = isBlum;
			productReference = 5246E5D02F392F200072BFF0 /* isBlum.app */;
			productType = "com.apple.product-type.application";
		};
/* End PBXNativeTarget section */

/* Begin PBXProject section */
		5246E5C82F392F200072BFF0 /* Project object */ = {
			isa = PBXProject;
			attributes = {
				BuildIndependentTargetsInParallel = 1;
				LastSwiftUpdateCheck = 1600;
				LastUpgradeCheck = 1600;
				TargetAttributes = {
					5246E5CF2F392F200072BFF0 = {
						CreatedOnToolsVersion = 16.0;
					};
				};
			};
			buildConfigurationList = 5246E5CB2F392F200072BFF0 /* Build configuration list for PBXProject "isBlum" */;
			developmentRegion = uk;
			hasScannedForEncodings = 0;
			knownRegions = (
				en,
				Base,
				uk,
				ru,
			);
			mainGroup = 5246E5C72F392F200072BFF0;
			minimizedProjectReferenceProxies = 1;
			packageReferences = (
				52838B082F3DEC27000DEEE7 /* XCRemoteSwiftPackageReference "lottie-ios" */,
				525FC9F32F51C65A007FA4CF /* XCRemoteSwiftPackageReference "supabase-swift" */,
				525FCA052F533AB8007FA4CF /* XCRemoteSwiftPackageReference "GoogleSignIn-iOS" */,
			);
			preferredProjectObjectVersion = 77;
			productRefGroup = 5246E5D12F392F200072BFF0 /* Products */;
			projectDirPath = "";
			projectRoot = "";
			targets = (
				5246E5CF2F392F200072BFF0 /* isBlum */,
			);
		};
/* End PBXProject section */

/* Begin PBXResourcesBuildPhase section */
		5246E5CE2F392F200072BFF0 /* Resources */ = {
			isa = PBXResourcesBuildPhase;
			buildActionMask = 2147483647;
			files = (
			);
			runOnlyForDeploymentPostprocessing = 0;
		};
/* End PBXResourcesBuildPhase section */

/* Begin PBXSourcesBuildPhase section */
		5246E5CC2F392F200072BFF0 /* Sources */ = {
			isa = PBXSourcesBuildPhase;
			buildActionMask = 2147483647;
			files = (
			);
			runOnlyForDeploymentPostprocessing = 0;
		};
/* End PBXSourcesBuildPhase section */

/* Begin XCBuildConfiguration section */
		5246E5DE2F392F230072BFF0 /* Debug */ = {
			isa = XCBuildConfiguration;
			buildSettings = {
				ALWAYS_SEARCH_USER_PATHS = NO;
				ASSETCATALOG_COMPILER_GENERATE_SWIFT_ASSET_SYMBOL_EXTENSIONS = YES;
				CLANG_ANALYZER_NONNULL = YES;
				CLANG_ANALYZER_NUMBER_OBJECT_CONVERSION = YES_AGGRESSIVE;
				CLANG_CXX_LANGUAGE_STANDARD = "gnu++20";
				CLANG_ENABLE_MODULES = YES;
				CLANG_ENABLE_OBJC_ARC = YES;
				CLANG_ENABLE_OBJC_WEAK = YES;
				CLANG_WARN_BLOCK_CAPTURE_AUTORELEASING = YES;
				CLANG_WARN_BOOL_CONVERSION = YES;
				CLANG_WARN_COMMA = YES;
				CLANG_WARN_CONSTANT_CONVERSION = YES;
				CLANG_WARN_DEPRECATED_OBJC_IMPLEMENTATIONS = YES;
				CLANG_WARN_DIRECT_OBJC_ISA_USAGE = YES_ERROR;
				CLANG_WARN_DOCUMENTATION_COMMENTS = YES;
				CLANG_WARN_EMPTY_BODY = YES;
				CLANG_WARN_ENUM_CONVERSION = YES;
				CLANG_WARN_INFINITE_RECURSION = YES;
				CLANG_WARN_INT_CONVERSION = YES;
				CLANG_WARN_NON_LITERAL_NULL_CONVERSION = YES;
				CLANG_WARN_OBJC_IMPLICIT_RETAIN_SELF = YES;
				CLANG_WARN_OBJC_LITERAL_CONVERSION = YES;
				CLANG_WARN_OBJC_ROOT_CLASS = YES_ERROR;
				CLANG_WARN_QUOTED_INCLUDE_IN_FRAMEWORK_HEADER = YES;
				CLANG_WARN_RANGE_LOOP_ANALYSIS = YES;
				CLANG_WARN_STRICT_PROTOTYPES = YES;
				CLANG_WARN_SUSPICIOUS_MOVE = YES;
				CLANG_WARN_UNGUARDED_AVAILABILITY = YES_AGGRESSIVE;
				CLANG_WARN_UNREACHABLE_CODE = YES;
				CLANG_WARN__DUPLICATE_METHOD_MATCH = YES;
				COPY_PHASE_STRIP = NO;
				DEBUG_INFORMATION_FORMAT = dwarf;
				ENABLE_STRICT_OBJC_MSGSEND = YES;
				ENABLE_TESTABILITY = YES;
				ENABLE_USER_SCRIPT_SANDBOXING = YES;
				GCC_C_LANGUAGE_STANDARD = gnu17;
				GCC_DYNAMIC_NO_PIC = NO;
				GCC_NO_COMMON_BLOCKS = YES;
				GCC_OPTIMIZATION_LEVEL = 0;
				GCC_PREPROCESSOR_DEFINITIONS = (
					"DEBUG=1",
					"$(inherited)",
				);
				GCC_WARN_64_TO_32_BIT_CONVERSION = YES;
				GCC_WARN_ABOUT_RETURN_TYPE = YES_ERROR;
				GCC_WARN_UNDECLARED_SELECTOR = YES;
				GCC_WARN_UNINITIALIZED_AUTOS = YES_AGGRESSIVE;
				GCC_WARN_UNUSED_FUNCTION = YES;
				GCC_WARN_UNUSED_VARIABLE = YES;
				IPHONEOS_DEPLOYMENT_TARGET = 18.0;
				LOCALIZATION_PREFERS_STRING_CATALOGS = YES;
				MTL_ENABLE_DEBUG_INFO = INCLUDE_SOURCE;
				MTL_FAST_MATH = YES;
				ONLY_ACTIVE_ARCH = YES;
				SDKROOT = iphoneos;
				SWIFT_ACTIVE_COMPILATION_CONDITIONS = "DEBUG $(inherited)";
				SWIFT_EMIT_LOC_STRINGS = YES;
				SWIFT_OPTIMIZATION_LEVEL = "-Onone";
			};
			name = Debug;
		};
		5246E5DF2F392F230072BFF0 /* Release */ = {
			isa = XCBuildConfiguration;
			buildSettings = {
				ALWAYS_SEARCH_USER_PATHS = NO;
				ASSETCATALOG_COMPILER_GENERATE_SWIFT_ASSET_SYMBOL_EXTENSIONS = YES;
				CLANG_ANALYZER_NONNULL = YES;
				CLANG_ANALYZER_NUMBER_OBJECT_CONVERSION = YES_AGGRESSIVE;
				CLANG_CXX_LANGUAGE_STANDARD = "gnu++20";
				CLANG_ENABLE_MODULES = YES;
				CLANG_ENABLE_OBJC_ARC = YES;
				CLANG_ENABLE_OBJC_WEAK = YES;
				CLANG_WARN_BLOCK_CAPTURE_AUTORELEASING = YES;
				CLANG_WARN_BOOL_CONVERSION = YES;
				CLANG_WARN_COMMA = YES;
				CLANG_WARN_CONSTANT_CONVERSION = YES;
				CLANG_WARN_DEPRECATED_OBJC_IMPLEMENTATIONS = YES;
				CLANG_WARN_DIRECT_OBJC_ISA_USAGE = YES_ERROR;
				CLANG_WARN_DOCUMENTATION_COMMENTS = YES;
				CLANG_WARN_EMPTY_BODY = YES;
				CLANG_WARN_ENUM_CONVERSION = YES;
				CLANG_WARN_INFINITE_RECURSION = YES;
				CLANG_WARN_INT_CONVERSION = YES;
				CLANG_WARN_NON_LITERAL_NULL_CONVERSION = YES;
				CLANG_WARN_OBJC_IMPLICIT_RETAIN_SELF = YES;
				CLANG_WARN_OBJC_LITERAL_CONVERSION = YES;
				CLANG_WARN_OBJC_ROOT_CLASS = YES_ERROR;
				CLANG_WARN_QUOTED_INCLUDE_IN_FRAMEWORK_HEADER = YES;
				CLANG_WARN_RANGE_LOOP_ANALYSIS = YES;
				CLANG_WARN_STRICT_PROTOTYPES = YES;
				CLANG_WARN_SUSPICIOUS_MOVE = YES;
				CLANG_WARN_UNGUARDED_AVAILABILITY = YES_AGGRESSIVE;
				CLANG_WARN_UNREACHABLE_CODE = YES;
				CLANG_WARN__DUPLICATE_METHOD_MATCH = YES;
				COPY_PHASE_STRIP = NO;
				DEBUG_INFORMATION_FORMAT = "dwarf-with-dsym";
				ENABLE_NS_ASSERTIONS = NO;
				ENABLE_STRICT_OBJC_MSGSEND = YES;
				ENABLE_USER_SCRIPT_SANDBOXING = YES;
				GCC_C_LANGUAGE_STANDARD = gnu17;
				GCC_NO_COMMON_BLOCKS = YES;
				GCC_WARN_64_TO_32_BIT_CONVERSION = YES;
				GCC_WARN_ABOUT_RETURN_TYPE = YES_ERROR;
				GCC_WARN_UNDECLARED_SELECTOR = YES;
				GCC_WARN_UNINITIALIZED_AUTOS = YES_AGGRESSIVE;
				GCC_WARN_UNUSED_FUNCTION = YES;
				GCC_WARN_UNUSED_VARIABLE = YES;
				IPHONEOS_DEPLOYMENT_TARGET = 18.0;
				LOCALIZATION_PREFERS_STRING_CATALOGS = YES;
				MTL_ENABLE_DEBUG_INFO = NO;
				MTL_FAST_MATH = YES;
				SDKROOT = iphoneos;
				SWIFT_COMPILATION_MODE = wholemodule;
				SWIFT_EMIT_LOC_STRINGS = YES;
				VALIDATE_PRODUCT = YES;
			};
			name = Release;
		};
		5246E5E12F392F230072BFF0 /* Debug */ = {
			isa = XCBuildConfiguration;
			buildSettings = {
				ASSETCATALOG_COMPILER_APPICON_NAME = AppIcon;
				ASSETCATALOG_COMPILER_GLOBAL_ACCENT_COLOR_NAME = AccentColor;
				CODE_SIGN_IDENTITY = "Apple Development";
				CODE_SIGN_STYLE = Automatic;
				CURRENT_PROJECT_VERSION = 1;
				DEVELOPMENT_ASSET_PATHS = "\"isBlum/Preview Content\"";
				DEVELOPMENT_TEAM = 6M4Z955WBC;
				ENABLE_PREVIEWS = YES;
				GENERATE_INFOPLIST_FILE = YES;
				INFOPLIST_FILE = isBlum/Application/info.plist;
				INFOPLIST_KEY_NSCameraUsageDescription = "";
				INFOPLIST_KEY_NSLocationWhenInUseUsageDescription = "We need access to your location to find your delivery address faster.";
				INFOPLIST_KEY_NSPhotoLibraryUsageDescription = "Для прикріплення фото до відгуку";
				INFOPLIST_KEY_UIApplicationSceneManifest_Generation = YES;
				INFOPLIST_KEY_UIApplicationSupportsIndirectInputEvents = YES;
				INFOPLIST_KEY_UILaunchScreen_Generation = YES;
				INFOPLIST_KEY_UISupportedInterfaceOrientations = UIInterfaceOrientationPortrait;
				INFOPLIST_KEY_UISupportedInterfaceOrientations_iPad = "UIInterfaceOrientationLandscapeLeft UIInterfaceOrientationLandscapeRight UIInterfaceOrientationPortrait UIInterfaceOrientationPortraitUpsideDown";
				INFOPLIST_KEY_UIUserInterfaceStyle = Light;
				IPHONEOS_DEPLOYMENT_TARGET = 17.4;
				LD_RUNPATH_SEARCH_PATHS = (
					"$(inherited)",
					"@executable_path/Frameworks",
				);
				MARKETING_VERSION = 1.0;
				PRODUCT_BUNDLE_IDENTIFIER = "isBlum.com.viktoriyadill-gmail.dev";
				PRODUCT_NAME = "$(TARGET_NAME)";
				PROVISIONING_PROFILE_SPECIFIER = "";
				SUPPORTED_PLATFORMS = "iphoneos iphonesimulator";
				SUPPORTS_MACCATALYST = NO;
				SUPPORTS_MAC_DESIGNED_FOR_IPHONE_IPAD = NO;
				SUPPORTS_XR_DESIGNED_FOR_IPHONE_IPAD = NO;
				SWIFT_EMIT_LOC_STRINGS = YES;
				SWIFT_VERSION = 5.0;
				TARGETED_DEVICE_FAMILY = 1;
			};
			name = Debug;
		};
		5246E5E22F392F230072BFF0 /* Release */ = {
			isa = XCBuildConfiguration;
			buildSettings = {
				ASSETCATALOG_COMPILER_APPICON_NAME = AppIcon;
				ASSETCATALOG_COMPILER_GLOBAL_ACCENT_COLOR_NAME = AccentColor;
				CODE_SIGN_IDENTITY = "Apple Development";
				CODE_SIGN_STYLE = Automatic;
				CURRENT_PROJECT_VERSION = 1;
				DEVELOPMENT_ASSET_PATHS = "\"isBlum/Preview Content\"";
				DEVELOPMENT_TEAM = 6M4Z955WBC;
				ENABLE_PREVIEWS = YES;
				GENERATE_INFOPLIST_FILE = YES;
				INFOPLIST_FILE = isBlum/Application/info.plist;
				INFOPLIST_KEY_NSCameraUsageDescription = "";
				INFOPLIST_KEY_NSLocationWhenInUseUsageDescription = "We need access to your location to find your delivery address faster.";
				INFOPLIST_KEY_NSPhotoLibraryUsageDescription = "Для прикріплення фото до відгуку";
				INFOPLIST_KEY_UIApplicationSceneManifest_Generation = YES;
				INFOPLIST_KEY_UIApplicationSupportsIndirectInputEvents = YES;
				INFOPLIST_KEY_UILaunchScreen_Generation = YES;
				INFOPLIST_KEY_UISupportedInterfaceOrientations = UIInterfaceOrientationPortrait;
				INFOPLIST_KEY_UISupportedInterfaceOrientations_iPad = "UIInterfaceOrientationLandscapeLeft UIInterfaceOrientationLandscapeRight UIInterfaceOrientationPortrait UIInterfaceOrientationPortraitUpsideDown";
				INFOPLIST_KEY_UIUserInterfaceStyle = Light;
				IPHONEOS_DEPLOYMENT_TARGET = 17.4;
				LD_RUNPATH_SEARCH_PATHS = (
					"$(inherited)",
					"@executable_path/Frameworks",
				);
				MARKETING_VERSION = 1.0;
				PRODUCT_BUNDLE_IDENTIFIER = "isBlum.com.viktoriyadill-gmail.dev";
				PRODUCT_NAME = "$(TARGET_NAME)";
				PROVISIONING_PROFILE_SPECIFIER = "";
				SUPPORTED_PLATFORMS = "iphoneos iphonesimulator";
				SUPPORTS_MACCATALYST = NO;
				SUPPORTS_MAC_DESIGNED_FOR_IPHONE_IPAD = NO;
				SUPPORTS_XR_DESIGNED_FOR_IPHONE_IPAD = NO;
				SWIFT_EMIT_LOC_STRINGS = YES;
				SWIFT_VERSION = 5.0;
				TARGETED_DEVICE_FAMILY = 1;
			};
			name = Release;
		};
/* End XCBuildConfiguration section */

/* Begin XCConfigurationList section */
		5246E5CB2F392F200072BFF0 /* Build configuration list for PBXProject "isBlum" */ = {
			isa = XCConfigurationList;
			buildConfigurations = (
				5246E5DE2F392F230072BFF0 /* Debug */,
				5246E5DF2F392F230072BFF0 /* Release */,
			);
			defaultConfigurationIsVisible = 0;
			defaultConfigurationName = Release;
		};
		5246E5E02F392F230072BFF0 /* Build configuration list for PBXNativeTarget "isBlum" */ = {
			isa = XCConfigurationList;
			buildConfigurations = (
				5246E5E12F392F230072BFF0 /* Debug */,
				5246E5E22F392F230072BFF0 /* Release */,
			);
			defaultConfigurationIsVisible = 0;
			defaultConfigurationName = Release;
		};
/* End XCConfigurationList section */

/* Begin XCRemoteSwiftPackageReference section */
		525FC9F32F51C65A007FA4CF /* XCRemoteSwiftPackageReference "supabase-swift" */ = {
			isa = XCRemoteSwiftPackageReference;
			repositoryURL = "https://github.com/supabase/supabase-swift";
			requirement = {
				kind = upToNextMajorVersion;
				minimumVersion = 2.5.1;
			};
		};
		525FCA052F533AB8007FA4CF /* XCRemoteSwiftPackageReference "GoogleSignIn-iOS" */ = {
			isa = XCRemoteSwiftPackageReference;
			repositoryURL = "https://github.com/google/GoogleSignIn-iOS";
			requirement = {
				kind = upToNextMajorVersion;
				minimumVersion = 9.1.0;
			};
		};
		52838B082F3DEC27000DEEE7 /* XCRemoteSwiftPackageReference "lottie-ios" */ = {
			isa = XCRemoteSwiftPackageReference;
			repositoryURL = "https://github.com/airbnb/lottie-ios.git";
			requirement = {
				kind = upToNextMajorVersion;
				minimumVersion = 4.6.0;
			};
		};
/* End XCRemoteSwiftPackageReference section */

/* Begin XCSwiftPackageProductDependency section */
		525FC9F42F51C65A007FA4CF /* Auth */ = {
			isa = XCSwiftPackageProductDependency;
			package = 525FC9F32F51C65A007FA4CF /* XCRemoteSwiftPackageReference "supabase-swift" */;
			productName = Auth;
		};
		525FC9F62F51C65A007FA4CF /* Functions */ = {
			isa = XCSwiftPackageProductDependency;
			package = 525FC9F32F51C65A007FA4CF /* XCRemoteSwiftPackageReference "supabase-swift" */;
			productName = Functions;
		};
		525FC9F82F51C65A007FA4CF /* PostgREST */ = {
			isa = XCSwiftPackageProductDependency;
			package = 525FC9F32F51C65A007FA4CF /* XCRemoteSwiftPackageReference "supabase-swift" */;
			productName = PostgREST;
		};
		525FC9FA2F51C65A007FA4CF /* Realtime */ = {
			isa = XCSwiftPackageProductDependency;
			package = 525FC9F32F51C65A007FA4CF /* XCRemoteSwiftPackageReference "supabase-swift" */;
			productName = Realtime;
		};
		525FC9FC2F51C65A007FA4CF /* Storage */ = {
			isa = XCSwiftPackageProductDependency;
			package = 525FC9F32F51C65A007FA4CF /* XCRemoteSwiftPackageReference "supabase-swift" */;
			productName = Storage;
		};
		525FCA012F51CBFF007FA4CF /* Supabase */ = {
			isa = XCSwiftPackageProductDependency;
			package = 525FC9F32F51C65A007FA4CF /* XCRemoteSwiftPackageReference "supabase-swift" */;
			productName = Supabase;
		};
		525FCA062F533AB9007FA4CF /* GoogleSignIn */ = {
			isa = XCSwiftPackageProductDependency;
			package = 525FCA052F533AB8007FA4CF /* XCRemoteSwiftPackageReference "GoogleSignIn-iOS" */;
			productName = GoogleSignIn;
		};
		525FCA082F533AEA007FA4CF /* GoogleSignInSwift */ = {
			isa = XCSwiftPackageProductDependency;
			package = 525FCA052F533AB8007FA4CF /* XCRemoteSwiftPackageReference "GoogleSignIn-iOS" */;
			productName = GoogleSignInSwift;
		};
		52838B092F3DEC27000DEEE7 /* Lottie */ = {
			isa = XCSwiftPackageProductDependency;
			package = 52838B082F3DEC27000DEEE7 /* XCRemoteSwiftPackageReference "lottie-ios" */;
			productName = Lottie;
		};
/* End XCSwiftPackageProductDependency section */
	};
	rootObject = 5246E5C82F392F200072BFF0 /* Project object */;
}
